
Microsoft Visual Studio Solution File, Format Version 12.00
# Visual Studio Version 17
VisualStudioVersion = 17.6.33829.357
MinimumVisualStudioVersion = 10.0.40219.1
Project("{2150E333-8FDC-42A3-9474-1A3956D46DE8}") = "WorkQueueExample", "WorkQueueExample", "{992859D4-0DCD-43DB-A17E-896ABB48DB05}"
EndProject
Project("{9A19103F-16F7-4668-BE54-9A1E7A4F7556}") = "NewTask", "WorkQueueExample\NewTask\NewTask.csproj", "{357826D1-8FB6-4F24-A3DC-17160EAB2CFF}"
EndProject
Project("{9A19103F-16F7-4668-BE54-9A1E7A4F7556}") = "Worker", "WorkQueueExample\Worker\Worker.csproj", "{021B7190-C7E2-4A96-BBF8-48923DE2BA76}"
EndProject
Project("{2150E333-8FDC-42A3-9474-1A3956D46DE8}") = "PublishSubscribeExample", "PublishSubscribeExample", "{E513A315-143A-4AC6-B6DA-A540A65E0063}"
EndProject
Project("{9A19103F-16F7-4668-BE54-9A1E7A4F7556}") = "Publisher", "PublishSubscribeExample\Publish\Publisher.csproj", "{38FCA079-4152-4573-AF09-9B1ACDEE05B1}"
EndProject
Project("{9A19103F-16F7-4668-BE54-9A1E7A4F7556}") = "Subscriber", "PublishSubscribeExample\Subscriber\Subscriber.csproj", "{54EA5E23-5CA3-4E1B-B1FC-0AB665707CEE}"
EndProject
Project("{2150E333-8FDC-42A3-9474-1A3956D46DE8}") = "Routing", "Routing", "{FEDE3475-0BC0-4D21-89B9-2AB1E871B341}"
EndProject
Project("{9A19103F-16F7-4668-BE54-9A1E7A4F7556}") = "EmitLog", "Routing\EmitLog\EmitLog.csproj", "{EE7ED313-CDB9-4C0B-89C0-5BB1EBB45553}"
EndProject
Project("{9A19103F-16F7-4668-BE54-9A1E7A4F7556}") = "ReceiveLog", "Routing\ReceiveLog\ReceiveLog.csproj", "{BD3E8A8E-6407-4B20-BC78-F5AB67230C99}"
EndProject
Project("{9A19103F-16F7-4668-BE54-9A1E7A4F7556}") = "EmitLogExample", "Routing\EmitLogExample\EmitLogExample.csproj", "{502A6611-C253-4820-83A2-34FA2C212C2A}"
EndProject
Project("{9A19103F-16F7-4668-BE54-9A1E7A4F7556}") = "ReceiveLogExample", "Routing\ReceiveLogExample\ReceiveLogExample.csproj", "{B98E04F6-C625-40EF-8E49-B2E2A6427A35}"
EndProject
Project("{2150E333-8FDC-42A3-9474-1A3956D46DE8}") = "Topic", "Topic", "{DCFDC6FA-A733-4465-91AB-CF84172B3A27}"
EndProject
Project("{9A19103F-16F7-4668-BE54-9A1E7A4F7556}") = "EmitLogTopic", "Topic\EmitLogTopic\EmitLogTopic.csproj", "{B111C8C7-B3FD-415D-9940-CB8B1E2090D4}"
EndProject
Project("{9A19103F-16F7-4668-BE54-9A1E7A4F7556}") = "ReceiveLogsTopic", "Topic\ReceiveLogsTopic\ReceiveLogsTopic.csproj", "{60F62F69-3B34-408C-BE35-C9EC8B551520}"
EndProject
Project("{9A19103F-16F7-4668-BE54-9A1E7A4F7556}") = "EmitLogTopicExample", "Topic\EmitLogTopicExample\EmitLogTopicExample.csproj", "{311EF780-D2B3-4F29-889D-BC13C1BD3D7E}"
EndProject
Project("{9A19103F-16F7-4668-BE54-9A1E7A4F7556}") = "ReceiveLogsTopicExample", "Topic\ReceiveLogsTopicExample\ReceiveLogsTopicExample.csproj", "{B5800F7E-45FB-4E96-9C26-A3CE9826E4D6}"
EndProject
Project("{2150E333-8FDC-42A3-9474-1A3956D46DE8}") = "RPC", "RPC", "{017EA7B7-B9E1-412A-BE27-E81DBF955E39}"
EndProject
Project("{9A19103F-16F7-4668-BE54-9A1E7A4F7556}") = "RPCServer", "RPC\RPCServer\RPCServer.csproj", "{45E8998A-8030-4BF2-B952-2C73ED2DBE1E}"
EndProject
Project("{9A19103F-16F7-4668-BE54-9A1E7A4F7556}") = "RPCClient", "RPC\RPCClient\RPCClient.csproj", "{409E7AF6-C55A-4B75-97D1-ABDC7789802B}"
EndProject
Project("{2150E333-8FDC-42A3-9474-1A3956D46DE8}") = "GeneralExample", "GeneralExample", "{901A5AB9-507C-4F0B-AEC3-7E300A7048C8}"
EndProject
Project("{FAE04EC0-301F-11D3-BF4B-00C04F79EFBC}") = "Consumer", "GeneralExample\Client\Consumer.csproj", "{1D5B4423-9755-4711-8085-3DB980F9A966}"
EndProject
Project("{FAE04EC0-301F-11D3-BF4B-00C04F79EFBC}") = "Publisher", "GeneralExample\Server\Publisher.csproj", "{7D719238-4D96-4151-B208-2E86F82710DF}"
EndProject
Global
	GlobalSection(SolutionConfigurationPlatforms) = preSolution
		Debug|Any CPU = Debug|Any CPU
		Release|Any CPU = Release|Any CPU
	EndGlobalSection
	GlobalSection(ProjectConfigurationPlatforms) = postSolution
		{357826D1-8FB6-4F24-A3DC-17160EAB2CFF}.Debug|Any CPU.ActiveCfg = Debug|Any CPU
		{357826D1-8FB6-4F24-A3DC-17160EAB2CFF}.Debug|Any CPU.Build.0 = Debug|Any CPU
		{357826D1-8FB6-4F24-A3DC-17160EAB2CFF}.Release|Any CPU.ActiveCfg = Release|Any CPU
		{357826D1-8FB6-4F24-A3DC-17160EAB2CFF}.Release|Any CPU.Build.0 = Release|Any CPU
		{021B7190-C7E2-4A96-BBF8-48923DE2BA76}.Debug|Any CPU.ActiveCfg = Debug|Any CPU
		{021B7190-C7E2-4A96-BBF8-48923DE2BA76}.Debug|Any CPU.Build.0 = Debug|Any CPU
		{021B7190-C7E2-4A96-BBF8-48923DE2BA76}.Release|Any CPU.ActiveCfg = Release|Any CPU
		{021B7190-C7E2-4A96-BBF8-48923DE2BA76}.Release|Any CPU.Build.0 = Release|Any CPU
		{38FCA079-4152-4573-AF09-9B1ACDEE05B1}.Debug|Any CPU.ActiveCfg = Debug|Any CPU
		{38FCA079-4152-4573-AF09-9B1ACDEE05B1}.Debug|Any CPU.Build.0 = Debug|Any CPU
		{38FCA079-4152-4573-AF09-9B1ACDEE05B1}.Release|Any CPU.ActiveCfg = Release|Any CPU
		{38FCA079-4152-4573-AF09-9B1ACDEE05B1}.Release|Any CPU.Build.0 = Release|Any CPU
		{54EA5E23-5CA3-4E1B-B1FC-0AB665707CEE}.Debug|Any CPU.ActiveCfg = Debug|Any CPU
		{54EA5E23-5CA3-4E1B-B1FC-0AB665707CEE}.Debug|Any CPU.Build.0 = Debug|Any CPU
		{54EA5E23-5CA3-4E1B-B1FC-0AB665707CEE}.Release|Any CPU.ActiveCfg = Release|Any CPU
		{54EA5E23-5CA3-4E1B-B1FC-0AB665707CEE}.Release|Any CPU.Build.0 = Release|Any CPU
		{EE7ED313-CDB9-4C0B-89C0-5BB1EBB45553}.Debug|Any CPU.ActiveCfg = Debug|Any CPU
		{EE7ED313-CDB9-4C0B-89C0-5BB1EBB45553}.Debug|Any CPU.Build.0 = Debug|Any CPU
		{EE7ED313-CDB9-4C0B-89C0-5BB1EBB45553}.Release|Any CPU.ActiveCfg = Release|Any CPU
		{EE7ED313-CDB9-4C0B-89C0-5BB1EBB45553}.Release|Any CPU.Build.0 = Release|Any CPU
		{BD3E8A8E-6407-4B20-BC78-F5AB67230C99}.Debug|Any CPU.ActiveCfg = Debug|Any CPU
		{BD3E8A8E-6407-4B20-BC78-F5AB67230C99}.Debug|Any CPU.Build.0 = Debug|Any CPU
		{BD3E8A8E-6407-4B20-BC78-F5AB67230C99}.Release|Any CPU.ActiveCfg = Release|Any CPU
		{BD3E8A8E-6407-4B20-BC78-F5AB67230C99}.Release|Any CPU.Build.0 = Release|Any CPU
		{502A6611-C253-4820-83A2-34FA2C212C2A}.Debug|Any CPU.ActiveCfg = Debug|Any CPU
		{502A6611-C253-4820-83A2-34FA2C212C2A}.Debug|Any CPU.Build.0 = Debug|Any CPU
		{502A6611-C253-4820-83A2-34FA2C212C2A}.Release|Any CPU.ActiveCfg = Release|Any CPU
		{502A6611-C253-4820-83A2-34FA2C212C2A}.Release|Any CPU.Build.0 = Release|Any CPU
		{B98E04F6-C625-40EF-8E49-B2E2A6427A35}.Debug|Any CPU.ActiveCfg = Debug|Any CPU
		{B98E04F6-C625-40EF-8E49-B2E2A6427A35}.Debug|Any CPU.Build.0 = Debug|Any CPU
		{B98E04F6-C625-40EF-8E49-B2E2A6427A35}.Release|Any CPU.ActiveCfg = Release|Any CPU
		{B98E04F6-C625-40EF-8E49-B2E2A6427A35}.Release|Any CPU.Build.0 = Release|Any CPU
		{B111C8C7-B3FD-415D-9940-CB8B1E2090D4}.Debug|Any CPU.ActiveCfg = Debug|Any CPU
		{B111C8C7-B3FD-415D-9940-CB8B1E2090D4}.Debug|Any CPU.Build.0 = Debug|Any CPU
		{B111C8C7-B3FD-415D-9940-CB8B1E2090D4}.Release|Any CPU.ActiveCfg = Release|Any CPU
		{B111C8C7-B3FD-415D-9940-CB8B1E2090D4}.Release|Any CPU.Build.0 = Release|Any CPU
		{60F62F69-3B34-408C-BE35-C9EC8B551520}.Debug|Any CPU.ActiveCfg = Debug|Any CPU
		{60F62F69-3B34-408C-BE35-C9EC8B551520}.Debug|Any CPU.Build.0 = Debug|Any CPU
		{60F62F69-3B34-408C-BE35-C9EC8B551520}.Release|Any CPU.ActiveCfg = Release|Any CPU
		{60F62F69-3B34-408C-BE35-C9EC8B551520}.Release|Any CPU.Build.0 = Release|Any CPU
		{311EF780-D2B3-4F29-889D-BC13C1BD3D7E}.Debug|Any CPU.ActiveCfg = Debug|Any CPU
		{311EF780-D2B3-4F29-889D-BC13C1BD3D7E}.Debug|Any CPU.Build.0 = Debug|Any CPU
		{311EF780-D2B3-4F29-889D-BC13C1BD3D7E}.Release|Any CPU.ActiveCfg = Release|Any CPU
		{311EF780-D2B3-4F29-889D-BC13C1BD3D7E}.Release|Any CPU.Build.0 = Release|Any CPU
		{B5800F7E-45FB-4E96-9C26-A3CE9826E4D6}.Debug|Any CPU.ActiveCfg = Debug|Any CPU
		{B5800F7E-45FB-4E96-9C26-A3CE9826E4D6}.Debug|Any CPU.Build.0 = Debug|Any CPU
		{B5800F7E-45FB-4E96-9C26-A3CE9826E4D6}.Release|Any CPU.ActiveCfg = Release|Any CPU
		{B5800F7E-45FB-4E96-9C26-A3CE9826E4D6}.Release|Any CPU.Build.0 = Release|Any CPU
		{45E8998A-8030-4BF2-B952-2C73ED2DBE1E}.Debug|Any CPU.ActiveCfg = Debug|Any CPU
		{45E8998A-8030-4BF2-B952-2C73ED2DBE1E}.Debug|Any CPU.Build.0 = Debug|Any CPU
		{45E8998A-8030-4BF2-B952-2C73ED2DBE1E}.Release|Any CPU.ActiveCfg = Release|Any CPU
		{45E8998A-8030-4BF2-B952-2C73ED2DBE1E}.Release|Any CPU.Build.0 = Release|Any CPU
		{409E7AF6-C55A-4B75-97D1-ABDC7789802B}.Debug|Any CPU.ActiveCfg = Debug|Any CPU
		{409E7AF6-C55A-4B75-97D1-ABDC7789802B}.Debug|Any CPU.Build.0 = Debug|Any CPU
		{409E7AF6-C55A-4B75-97D1-ABDC7789802B}.Release|Any CPU.ActiveCfg = Release|Any CPU
		{409E7AF6-C55A-4B75-97D1-ABDC7789802B}.Release|Any CPU.Build.0 = Release|Any CPU
		{1D5B4423-9755-4711-8085-3DB980F9A966}.Debug|Any CPU.ActiveCfg = Debug|Any CPU
		{1D5B4423-9755-4711-8085-3DB980F9A966}.Debug|Any CPU.Build.0 = Debug|Any CPU
		{1D5B4423-9755-4711-8085-3DB980F9A966}.Release|Any CPU.ActiveCfg = Release|Any CPU
		{1D5B4423-9755-4711-8085-3DB980F9A966}.Release|Any CPU.Build.0 = Release|Any CPU
		{7D719238-4D96-4151-B208-2E86F82710DF}.Debug|Any CPU.ActiveCfg = Debug|Any CPU
		{7D719238-4D96-4151-B208-2E86F82710DF}.Debug|Any CPU.Build.0 = Debug|Any CPU
		{7D719238-4D96-4151-B208-2E86F82710DF}.Release|Any CPU.ActiveCfg = Release|Any CPU
		{7D719238-4D96-4151-B208-2E86F82710DF}.Release|Any CPU.Build.0 = Release|Any CPU
	EndGlobalSection
	GlobalSection(SolutionProperties) = preSolution
		HideSolutionNode = FALSE
	EndGlobalSection
	GlobalSection(NestedProjects) = preSolution
		{357826D1-8FB6-4F24-A3DC-17160EAB2CFF} = {992859D4-0DCD-43DB-A17E-896ABB48DB05}
		{021B7190-C7E2-4A96-BBF8-48923DE2BA76} = {992859D4-0DCD-43DB-A17E-896ABB48DB05}
		{38FCA079-4152-4573-AF09-9B1ACDEE05B1} = {E513A315-143A-4AC6-B6DA-A540A65E0063}
		{54EA5E23-5CA3-4E1B-B1FC-0AB665707CEE} = {E513A315-143A-4AC6-B6DA-A540A65E0063}
		{EE7ED313-CDB9-4C0B-89C0-5BB1EBB45553} = {FEDE3475-0BC0-4D21-89B9-2AB1E871B341}
		{BD3E8A8E-6407-4B20-BC78-F5AB67230C99} = {FEDE3475-0BC0-4D21-89B9-2AB1E871B341}
		{502A6611-C253-4820-83A2-34FA2C212C2A} = {FEDE3475-0BC0-4D21-89B9-2AB1E871B341}
		{B98E04F6-C625-40EF-8E49-B2E2A6427A35} = {FEDE3475-0BC0-4D21-89B9-2AB1E871B341}
		{B111C8C7-B3FD-415D-9940-CB8B1E2090D4} = {DCFDC6FA-A733-4465-91AB-CF84172B3A27}
		{60F62F69-3B34-408C-BE35-C9EC8B551520} = {DCFDC6FA-A733-4465-91AB-CF84172B3A27}
		{311EF780-D2B3-4F29-889D-BC13C1BD3D7E} = {DCFDC6FA-A733-4465-91AB-CF84172B3A27}
		{B5800F7E-45FB-4E96-9C26-A3CE9826E4D6} = {DCFDC6FA-A733-4465-91AB-CF84172B3A27}
		{45E8998A-8030-4BF2-B952-2C73ED2DBE1E} = {017EA7B7-B9E1-412A-BE27-E81DBF955E39}
		{409E7AF6-C55A-4B75-97D1-ABDC7789802B} = {017EA7B7-B9E1-412A-BE27-E81DBF955E39}
		{1D5B4423-9755-4711-8085-3DB980F9A966} = {901A5AB9-507C-4F0B-AEC3-7E300A7048C8}
		{7D719238-4D96-4151-B208-2E86F82710DF} = {901A5AB9-507C-4F0B-AEC3-7E300A7048C8}
	EndGlobalSection
	GlobalSection(ExtensibilityGlobals) = postSolution
		SolutionGuid = {250D6BD1-7A0D-4230-B538-028FBD16D0E6}
	EndGlobalSection
EndGlobal
